{
  "version": 4,
  "terraform_version": "1.13.1",
  "serial": 7,
  "lineage": "2e87e0c5-111e-cf9b-4eb0-a40b4d36046d",
  "outputs": {},
  "resources": [
    {
      "mode": "managed",
      "type": "aws_iam_policy",
      "name": "iam_policy_for_resume_project",
      "provider": "provider[\"registry.terraform.io/hashicorp/aws\"]",
      "instances": [
        {
          "schema_version": 0,
          "attributes": {
            "arn": "arn:aws:iam::711387129768:policy/resume-lambda-policy",
            "attachment_count": 1,
            "description": "AWS IAM Policy for managing the resume project role",
            "id": "arn:aws:iam::711387129768:policy/resume-lambda-policy",
            "name": "resume-lambda-policy",
            "name_prefix": "",
            "path": "/",
            "policy": "{\"Statement\":[{\"Action\":[\"logs:CreateLogGroup\",\"logs:CreateLogStream\",\"logs:PutLogEvents\"],\"Effect\":\"Allow\",\"Resource\":\"arn:aws:logs:*:*:*\"},{\"Action\":[\"dynamodb:UpdateItem\",\"dynamodb:GetItem\",\"dynamodb:PutItem\",\"dynamodb:Scan\"],\"Effect\":\"Allow\",\"Resource\":\"arn:aws:dynamodb:*:*:table/cloudresume_test\"}],\"Version\":\"2012-10-17\"}",
            "policy_id": "ANPA2LIP2E6UKM36QOLWL",
            "tags": {},
            "tags_all": {}
          },
          "sensitive_attributes": [],
          "identity_schema_version": 0,
          "identity": {
            "arn": "arn:aws:iam::711387129768:policy/resume-lambda-policy"
          },
          "private": "bnVsbA=="
        }
      ]
    },
    {
      "mode": "managed",
      "type": "aws_iam_role",
      "name": "iam_for_lambda",
      "provider": "provider[\"registry.terraform.io/hashicorp/aws\"]",
      "instances": [
        {
          "schema_version": 0,
          "attributes": {
            "arn": "arn:aws:iam::711387129768:role/resume-lambda-role20250909181947717400000001",
            "assume_role_policy": "{\"Statement\":[{\"Action\":\"sts:AssumeRole\",\"Effect\":\"Allow\",\"Principal\":{\"Service\":\"lambda.amazonaws.com\"},\"Sid\":\"\"}],\"Version\":\"2012-10-17\"}",
            "create_date": "2025-09-09T18:19:49Z",
            "description": "",
            "force_detach_policies": false,
            "id": "resume-lambda-role20250909181947717400000001",
            "inline_policy": [],
            "managed_policy_arns": [
              "arn:aws:iam::711387129768:policy/resume-lambda-policy"
            ],
            "max_session_duration": 3600,
            "name": "resume-lambda-role20250909181947717400000001",
            "name_prefix": "resume-lambda-role",
            "path": "/",
            "permissions_boundary": "",
            "tags": {},
            "tags_all": {},
            "unique_id": "AROA2LIP2E6UFZOFK5ZQW"
          },
          "sensitive_attributes": [],
          "identity_schema_version": 0,
          "identity": {
            "account_id": "711387129768",
            "name": "resume-lambda-role20250909181947717400000001"
          },
          "private": "bnVsbA=="
        }
      ]
    },
    {
      "mode": "managed",
      "type": "aws_iam_role_policy_attachment",
      "name": "attach_iam_policy_to_iam_role",
      "provider": "provider[\"registry.terraform.io/hashicorp/aws\"]",
      "instances": [
        {
          "schema_version": 0,
          "attributes": {
            "id": "resume-lambda-role20250909181947717400000001/arn:aws:iam::711387129768:policy/resume-lambda-policy",
            "policy_arn": "arn:aws:iam::711387129768:policy/resume-lambda-policy",
            "role": "resume-lambda-role20250909181947717400000001"
          },
          "sensitive_attributes": [],
          "identity_schema_version": 0,
          "identity": {
            "account_id": "711387129768",
            "policy_arn": "arn:aws:iam::711387129768:policy/resume-lambda-policy",
            "role": "resume-lambda-role20250909181947717400000001"
          },
          "private": "bnVsbA==",
          "dependencies": [
            "aws_iam_policy.iam_policy_for_resume_project",
            "aws_iam_role.iam_for_lambda"
          ]
        }
      ]
    }
  ],
  "check_results": null
}
